
Microsoft Visual Studio Solution File, Format Version 12.00
# Visual Studio Version 17
VisualStudioVersion = 17.14.37411.7 d17.14
MinimumVisualStudioVersion = 10.0.40219.1
Project("{FAE04EC0-301F-11D3-BF4B-00C04F79EFBC}") = "SupComClient", "SupComClient.csproj", "{98C0953C-EC19-4780-A3A9-CA158362BB57}"
EndProject
Global
	GlobalSection(SolutionConfigurationPlatforms) = preSolution
		Debug|Any CPU = Debug|Any CPU
		Release|Any CPU = Release|Any CPU
	EndGlobalSection
	GlobalSection(ProjectConfigurationPlatforms) = postSolution
		{98C0953C-EC19-4780-A3A9-CA158362BB57}.Debug|Any CPU.ActiveCfg = Debug|Any CPU
		{98C0953C-EC19-4780-A3A9-CA158362BB57}.Debug|Any CPU.Build.0 = Debug|Any CPU
		{98C0953C-EC19-4780-A3A9-CA158362BB57}.Release|Any CPU.ActiveCfg = Release|Any CPU
		{98C0953C-EC19-4780-A3A9-CA158362BB57}.Release|Any CPU.Build.0 = Release|Any CPU
	EndGlobalSection
	GlobalSection(SolutionProperties) = preSolution
		HideSolutionNode = FALSE
	EndGlobalSection
	GlobalSection(ExtensibilityGlobals) = postSolution
		SolutionGuid = {6F5082EA-6B67-446A-9F60-E778CDBB2C44}
	EndGlobalSection
EndGlobal
